
Microsoft Visual Studio Solution File, Format Version 12.00
# Visual Studio Version 17
VisualStudioVersion = 17.6.33723.286
MinimumVisualStudioVersion = 10.0.40219.1
Project("{FAE04EC0-301F-11D3-BF4B-00C04F79EFBC}") = "API", "API\API.csproj", "{0B1FDCE3-2725-45D8-8D52-35A01B1D5DBE}"
EndProject
Global
	GlobalSection(SolutionConfigurationPlatforms) = preSolution
		Debug|Any CPU = Debug|Any CPU
		Release|Any CPU = Release|Any CPU
	EndGlobalSection
	GlobalSection(ProjectConfigurationPlatforms) = postSolution
		{0B1FDCE3-2725-45D8-8D52-35A01B1D5DBE}.Debug|Any CPU.ActiveCfg = Debug|Any CPU
		{0B1FDCE3-2725-45D8-8D52-35A01B1D5DBE}.Debug|Any CPU.Build.0 = Debug|Any CPU
		{0B1FDCE3-2725-45D8-8D52-35A01B1D5DBE}.Release|Any CPU.ActiveCfg = Release|Any CPU
		{0B1FDCE3-2725-45D8-8D52-35A01B1D5DBE}.Release|Any CPU.Build.0 = Release|Any CPU
	EndGlobalSection
	GlobalSection(SolutionProperties) = preSolution
		HideSolutionNode = FALSE
	EndGlobalSection
	GlobalSection(ExtensibilityGlobals) = postSolution
		SolutionGuid = {6AE6ED41-3CE3-4B60-9259-1F317466876D}
	EndGlobalSection
EndGlobal
